
Microsoft Visual Studio Solution File, Format Version 12.00
# Visual Studio Version 16
VisualStudioVersion = 16.0.29209.62
MinimumVisualStudioVersion = 10.0.40219.1
Project("{9A19103F-16F7-4668-BE54-9A1E7A4F7556}") = "AdaptiveCardsAction", "AdaptiveCardsAction.csproj", "{8C10E07A-23B7-4924-B9E5-BC0FD9FB2D50}"
EndProject
Global
	GlobalSection(SolutionConfigurationPlatforms) = preSolution
		Debug|Any CPU = Debug|Any CPU
		Release|Any CPU = Release|Any CPU
	EndGlobalSection
	GlobalSection(ProjectConfigurationPlatforms) = postSolution
		{8C10E07A-23B7-4924-B9E5-BC0FD9FB2D50}.Debug|Any CPU.ActiveCfg = Debug|Any CPU
		{8C10E07A-23B7-4924-B9E5-BC0FD9FB2D50}.Debug|Any CPU.Build.0 = Debug|Any CPU
		{8C10E07A-23B7-4924-B9E5-BC0FD9FB2D50}.Release|Any CPU.ActiveCfg = Release|Any CPU
		{8C10E07A-23B7-4924-B9E5-BC0FD9FB2D50}.Release|Any CPU.Build.0 = Release|Any CPU
	EndGlobalSection
	GlobalSection(SolutionProperties) = preSolution
		HideSolutionNode = FALSE
	EndGlobalSection
	GlobalSection(ExtensibilityGlobals) = postSolution
		SolutionGuid = {CFAC0201-CD23-42BB-9ADF-8F6F2ABE8566}
	EndGlobalSection
EndGlobal
